
Microsoft Visual Studio Solution File, Format Version 12.00
Project("{FAE04EC0-301F-11D3-BF4B-00C04F79EFBC}") = "IndexRepro", "IndexRepro\IndexRepro.csproj", "{3D353143-33F1-4323-B61C-39E6C8BD1E83}"
EndProject
Global
	GlobalSection(SolutionConfigurationPlatforms) = preSolution
		Debug|Any CPU = Debug|Any CPU
		Release|Any CPU = Release|Any CPU
	EndGlobalSection
	GlobalSection(ProjectConfigurationPlatforms) = postSolution
		{3D353143-33F1-4323-B61C-39E6C8BD1E83}.Debug|Any CPU.ActiveCfg = Debug|Any CPU
		{3D353143-33F1-4323-B61C-39E6C8BD1E83}.Debug|Any CPU.Build.0 = Debug|Any CPU
		{3D353143-33F1-4323-B61C-39E6C8BD1E83}.Release|Any CPU.ActiveCfg = Release|Any CPU
		{3D353143-33F1-4323-B61C-39E6C8BD1E83}.Release|Any CPU.Build.0 = Release|Any CPU
	EndGlobalSection
EndGlobal
